// !$*UTF8*$!
{
	archiveVersion = 1;
	classes = {
	};
	objectVersion = 46;
	objects = {

/* Begin PBXBuildFile section */
		DCAD7B4118577948003E820D /* Foundation.framework in Frameworks */ = {isa = PBXBuildFile; fileRef = DCAD7B4018577948003E820D /* Foundation.framework */; };
		DCAD7B4318577948003E820D /* CoreGraphics.framework in Frameworks */ = {isa = PBXBuildFile; fileRef = DCAD7B4218577948003E820D /* CoreGraphics.framework */; };
		DCAD7B4518577948003E820D /* UIKit.framework in Frameworks */ = {isa = PBXBuildFile; fileRef = DCAD7B4418577948003E820D /* UIKit.framework */; };
		DCAD7B4B18577948003E820D /* InfoPlist.strings in Resources */ = {isa = PBXBuildFile; fileRef = DCAD7B4918577948003E820D /* InfoPlist.strings */; };
		DCAD7B4D18577948003E820D /* main.m in Sources */ = {isa = PBXBuildFile; fileRef = DCAD7B4C18577948003E820D /* main.m */; };
		DCAD7B5118577948003E820D /* AppDelegate.m in Sources */ = {isa = PBXBuildFile; fileRef = DCAD7B5018577948003E820D /* AppDelegate.m */; };
		DCAD7B5418577948003E820D /* Main.storyboard in Resources */ = {isa = PBXBuildFile; fileRef = DCAD7B5218577948003E820D /* Main.storyboard */; };
		DCAD7B5718577948003E820D /* FirstViewController.m in Sources */ = {isa = PBXBuildFile; fileRef = DCAD7B5618577948003E820D /* FirstViewController.m */; };
		DCAD7B5A18577948003E820D /* SecondViewController.m in Sources */ = {isa = PBXBuildFile; fileRef = DCAD7B5918577948003E820D /* SecondViewController.m */; };
		DCAD7B5C18577948003E820D /* Images.xcassets in Resources */ = {isa = PBXBuildFile; fileRef = DCAD7B5B18577948003E820D /* Images.xcassets */; };
		DCAD7B6318577948003E820D /* XCTest.framework in Frameworks */ = {isa = PBXBuildFile; fileRef = DCAD7B6218577948003E820D /* XCTest.framework */; };
		DCAD7B6418577948003E820D /* Foundation.framework in Frameworks */ = {isa = PBXBuildFile; fileRef = DCAD7B4018577948003E820D /* Foundation.framework */; };
		DCAD7B6518577948003E820D /* UIKit.framework in Frameworks */ = {isa = PBXBuildFile; fileRef = DCAD7B4418577948003E820D /* UIKit.framework */; };
		DCAD7B6D18577948003E820D /* InfoPlist.strings in Resources */ = {isa = PBXBuildFile; fileRef = DCAD7B6B18577948003E820D /* InfoPlist.strings */; };
		DCAD7B6F18577948003E820D /* __Home_ContactsTests.m in Sources */ = {isa = PBXBuildFile; fileRef = DCAD7B6E18577948003E820D /* __Home_ContactsTests.m */; };
/* End PBXBuildFile section */

/* Begin PBXContainerItemProxy section */
		DCAD7B6618577948003E820D /* PBXContainerItemProxy */ = {
			isa = PBXContainerItemProxy;
			containerPortal = DCAD7B3518577948003E820D /* Project object */;
			proxyType = 1;
			remoteGlobalIDString = DCAD7B3C18577948003E820D;
			remoteInfo = "5-Home-Contacts";
		};
/* End PBXContainerItemProxy section */

/* Begin PBXFileReference section */
		DCAD7B3D18577948003E820D /* 5-Home-Contacts.app */ = {isa = PBXFileReference; explicitFileType = wrapper.application; includeInIndex = 0; path = "5-Home-Contacts.app"; sourceTree = BUILT_PRODUCTS_DIR; };
		DCAD7B4018577948003E820D /* Foundation.framework */ = {isa = PBXFileReference; lastKnownFileType = wrapper.framework; name = Foundation.framework; path = System/Library/Frameworks/Foundation.framework; sourceTree = SDKROOT; };
		DCAD7B4218577948003E820D /* CoreGraphics.framework */ = {isa = PBXFileReference; lastKnownFileType = wrapper.framework; name = CoreGraphics.framework; path = System/Library/Frameworks/CoreGraphics.framework; sourceTree = SDKROOT; };
		DCAD7B4418577948003E820D /* UIKit.framework */ = {isa = PBXFileReference; lastKnownFileType = wrapper.framework; name = UIKit.framework; path = System/Library/Frameworks/UIKit.framework; sourceTree = SDKROOT; };
		DCAD7B4818577948003E820D /* 5-Home-Contacts-Info.plist */ = {isa = PBXFileReference; lastKnownFileType = text.plist.xml; path = "5-Home-Contacts-Info.plist"; sourceTree = "<group>"; };
		DCAD7B4A18577948003E820D /* en */ = {isa = PBXFileReference; lastKnownFileType = text.plist.strings; name = en; path = en.lproj/InfoPlist.strings; sourceTree = "<group>"; };
		DCAD7B4C18577948003E820D /* main.m */ = {isa = PBXFileReference; lastKnownFileType = sourcecode.c.objc; path = main.m; sourceTree = "<group>"; };
		DCAD7B4E18577948003E820D /* 5-Home-Contacts-Prefix.pch */ = {isa = PBXFileReference; lastKnownFileType = sourcecode.c.h; path = "5-Home-Contacts-Prefix.pch"; sourceTree = "<group>"; };
		DCAD7B4F18577948003E820D /* AppDelegate.h */ = {isa = PBXFileReference; lastKnownFileType = sourcecode.c.h; path = AppDelegate.h; sourceTree = "<group>"; };
		DCAD7B5018577948003E820D /* AppDelegate.m */ = {isa = PBXFileReference; lastKnownFileType = sourcecode.c.objc; path = AppDelegate.m; sourceTree = "<group>"; };
		DCAD7B5318577948003E820D /* Base */ = {isa = PBXFileReference; lastKnownFileType = file.storyboard; name = Base; path = Base.lproj/Main.storyboard; sourceTree = "<group>"; };
		DCAD7B5518577948003E820D /* FirstViewController.h */ = {isa = PBXFileReference; lastKnownFileType = sourcecode.c.h; path = FirstViewController.h; sourceTree = "<group>"; };
		DCAD7B5618577948003E820D /* FirstViewController.m */ = {isa = PBXFileReference; lastKnownFileType = sourcecode.c.objc; path = FirstViewController.m; sourceTree = "<group>"; };
		DCAD7B5818577948003E820D /* SecondViewController.h */ = {isa = PBXFileReference; lastKnownFileType = sourcecode.c.h; path = SecondViewController.h; sourceTree = "<group>"; };
		DCAD7B5918577948003E820D /* SecondViewController.m */ = {isa = PBXFileReference; lastKnownFileType = sourcecode.c.objc; path = SecondViewController.m; sourceTree = "<group>"; };
		DCAD7B5B18577948003E820D /* Images.xcassets */ = {isa = PBXFileReference; lastKnownFileType = folder.assetcatalog; path = Images.xcassets; sourceTree = "<group>"; };
		DCAD7B6118577948003E820D /* 5-Home-ContactsTests.xctest */ = {isa = PBXFileReference; explicitFileType = wrapper.cfbundle; includeInIndex = 0; path = "5-Home-ContactsTests.xctest"; sourceTree = BUILT_PRODUCTS_DIR; };
		DCAD7B6218577948003E820D /* XCTest.framework */ = {isa = PBXFileReference; lastKnownFileType = wrapper.framework; name = XCTest.framework; path = Library/Frameworks/XCTest.framework; sourceTree = DEVELOPER_DIR; };
		DCAD7B6A18577948003E820D /* 5-Home-ContactsTests-Info.plist */ = {isa = PBXFileReference; lastKnownFileType = text.plist.xml; path = "5-Home-ContactsTests-Info.plist"; sourceTree = "<group>"; };
		DCAD7B6C18577948003E820D /* en */ = {isa = PBXFileReference; lastKnownFileType = text.plist.strings; name = en; path = en.lproj/InfoPlist.strings; sourceTree = "<group>"; };
		DCAD7B6E18577948003E820D /* __Home_ContactsTests.m */ = {isa = PBXFileReference; lastKnownFileType = sourcecode.c.objc; path = __Home_ContactsTests.m; sourceTree = "<group>"; };
/* End PBXFileReference section */

/* Begin PBXFrameworksBuildPhase section */
		DCAD7B3A18577948003E820D /* Frameworks */ = {
			isa = PBXFrameworksBuildPhase;
			buildActionMask = 2147483647;
			files = (
				DCAD7B4318577948003E820D /* CoreGraphics.framework in Frameworks */,
				DCAD7B4518577948003E820D /* UIKit.framework in Frameworks */,
				DCAD7B4118577948003E820D /* Foundation.framework in Frameworks */,
			);
			runOnlyForDeploymentPostprocessing = 0;
		};
		DCAD7B5E18577948003E820D /* Frameworks */ = {
			isa = PBXFrameworksBuildPhase;
			buildActionMask = 2147483647;
			files = (
				DCAD7B6318577948003E820D /* XCTest.framework in Frameworks */,
				DCAD7B6518577948003E820D /* UIKit.framework in Frameworks */,
				DCAD7B6418577948003E820D /* Foundation.framework in Frameworks */,
			);
			runOnlyForDeploymentPostprocessing = 0;
		};
/* End PBXFrameworksBuildPhase section */

/* Begin PBXGroup section */
		DCAD7B3418577948003E820D = {
			isa = PBXGroup;
			children = (
				DCAD7B4618577948003E820D /* 5-Home-Contacts */,
				DCAD7B6818577948003E820D /* 5-Home-ContactsTests */,
				DCAD7B3F18577948003E820D /* Frameworks */,
				DCAD7B3E18577948003E820D /* Products */,
			);
			sourceTree = "<group>";
		};
		DCAD7B3E18577948003E820D /* Products */ = {
			isa = PBXGroup;
			children = (
				DCAD7B3D18577948003E820D /* 5-Home-Contacts.app */,
				DCAD7B6118577948003E820D /* 5-Home-ContactsTests.xctest */,
			);
			name = Products;
			sourceTree = "<group>";
		};
		DCAD7B3F18577948003E820D /* Frameworks */ = {
			isa = PBXGroup;
			children = (
				DCAD7B4018577948003E820D /* Foundation.framework */,
				DCAD7B4218577948003E820D /* CoreGraphics.framework */,
				DCAD7B4418577948003E820D /* UIKit.framework */,
				DCAD7B6218577948003E820D /* XCTest.framework */,
			);
			name = Frameworks;
			sourceTree = "<group>";
		};
		DCAD7B4618577948003E820D /* 5-Home-Contacts */ = {
			isa = PBXGroup;
			children = (
				DCAD7B4F18577948003E820D /* AppDelegate.h */,
				DCAD7B5018577948003E820D /* AppDelegate.m */,
				DCAD7B5218577948003E820D /* Main.storyboard */,
				DCAD7B5518577948003E820D /* FirstViewController.h */,
				DCAD7B5618577948003E820D /* FirstViewController.m */,
				DCAD7B5818577948003E820D /* SecondViewController.h */,
				DCAD7B5918577948003E820D /* SecondViewController.m */,
				DCAD7B5B18577948003E820D /* Images.xcassets */,
				DCAD7B4718577948003E820D /* Supporting Files */,
			);
			path = "5-Home-Contacts";
			sourceTree = "<group>";
		};
		DCAD7B4718577948003E820D /* Supporting Files */ = {
			isa = PBXGroup;
			children = (
				DCAD7B4818577948003E820D /* 5-Home-Contacts-Info.plist */,
				DCAD7B4918577948003E820D /* InfoPlist.strings */,
				DCAD7B4C18577948003E820D /* main.m */,
				DCAD7B4E18577948003E820D /* 5-Home-Contacts-Prefix.pch */,
			);
			name = "Supporting Files";
			sourceTree = "<group>";
		};
		DCAD7B6818577948003E820D /* 5-Home-ContactsTests */ = {
			isa = PBXGroup;
			children = (
				DCAD7B6E18577948003E820D /* __Home_ContactsTests.m */,
				DCAD7B6918577948003E820D /* Supporting Files */,
			);
			path = "5-Home-ContactsTests";
			sourceTree = "<group>";
		};
		DCAD7B6918577948003E820D /* Supporting Files */ = {
			isa = PBXGroup;
			children = (
				DCAD7B6A18577948003E820D /* 5-Home-ContactsTests-Info.plist */,
				DCAD7B6B18577948003E820D /* InfoPlist.strings */,
			);
			name = "Supporting Files";
			sourceTree = "<group>";
		};
/* End PBXGroup section */

/* Begin PBXNativeTarget section */
		DCAD7B3C18577948003E820D /* 5-Home-Contacts */ = {
			isa = PBXNativeTarget;
			buildConfigurationList = DCAD7B7218577948003E820D /* Build configuration list for PBXNativeTarget "5-Home-Contacts" */;
			buildPhases = (
				DCAD7B3918577948003E820D /* Sources */,
				DCAD7B3A18577948003E820D /* Frameworks */,
				DCAD7B3B18577948003E820D /* Resources */,
			);
			buildRules = (
			);
			dependencies = (
			);
			name = "5-Home-Contacts";
			productName = "5-Home-Contacts";
			productReference = DCAD7B3D18577948003E820D /* 5-Home-Contacts.app */;
			productType = "com.apple.product-type.application";
		};
		DCAD7B6018577948003E820D /* 5-Home-ContactsTests */ = {
			isa = PBXNativeTarget;
			buildConfigurationList = DCAD7B7518577948003E820D /* Build configuration list for PBXNativeTarget "5-Home-ContactsTests" */;
			buildPhases = (
				DCAD7B5D18577948003E820D /* Sources */,
				DCAD7B5E18577948003E820D /* Frameworks */,
				DCAD7B5F18577948003E820D /* Resources */,
			);
			buildRules = (
			);
			dependencies = (
				DCAD7B6718577948003E820D /* PBXTargetDependency */,
			);
			name = "5-Home-ContactsTests";
			productName = "5-Home-ContactsTests";
			productReference = DCAD7B6118577948003E820D /* 5-Home-ContactsTests.xctest */;
			productType = "com.apple.product-type.bundle.unit-test";
		};
/* End PBXNativeTarget section */

/* Begin PBXProject section */
		DCAD7B3518577948003E820D /* Project object */ = {
			isa = PBXProject;
			attributes = {
				LastUpgradeCheck = 0500;
				ORGANIZATIONNAME = "Alexander Drazhev";
				TargetAttributes = {
					DCAD7B6018577948003E820D = {
						TestTargetID = DCAD7B3C18577948003E820D;
					};
				};
			};
			buildConfigurationList = DCAD7B3818577948003E820D /* Build configuration list for PBXProject "5-Home-Contacts" */;
			compatibilityVersion = "Xcode 3.2";
			developmentRegion = English;
			hasScannedForEncodings = 0;
			knownRegions = (
				en,
				Base,
			);
			mainGroup = DCAD7B3418577948003E820D;
			productRefGroup = DCAD7B3E18577948003E820D /* Products */;
			projectDirPath = "";
			projectRoot = "";
			targets = (
				DCAD7B3C18577948003E820D /* 5-Home-Contacts */,
				DCAD7B6018577948003E820D /* 5-Home-ContactsTests */,
			);
		};
/* End PBXProject section */

/* Begin PBXResourcesBuildPhase section */
		DCAD7B3B18577948003E820D /* Resources */ = {
			isa = PBXResourcesBuildPhase;
			buildActionMask = 2147483647;
			files = (
				DCAD7B5C18577948003E820D /* Images.xcassets in Resources */,
				DCAD7B4B18577948003E820D /* InfoPlist.strings in Resources */,
				DCAD7B5418577948003E820D /* Main.storyboard in Resources */,
			);
			runOnlyForDeploymentPostprocessing = 0;
		};
		DCAD7B5F18577948003E820D /* Resources */ = {
			isa = PBXResourcesBuildPhase;
			buildActionMask = 2147483647;
			files = (
				DCAD7B6D18577948003E820D /* InfoPlist.strings in Resources */,
			);
			runOnlyForDeploymentPostprocessing = 0;
		};
/* End PBXResourcesBuildPhase section */

/* Begin PBXSourcesBuildPhase section */
		DCAD7B3918577948003E820D /* Sources */ = {
			isa = PBXSourcesBuildPhase;
			buildActionMask = 2147483647;
			files = (
				DCAD7B5A18577948003E820D /* SecondViewController.m in Sources */,
				DCAD7B5118577948003E820D /* AppDelegate.m in Sources */,
				DCAD7B5718577948003E820D /* FirstViewController.m in Sources */,
				DCAD7B4D18577948003E820D /* main.m in Sources */,
			);
			runOnlyForDeploymentPostprocessing = 0;
		};
		DCAD7B5D18577948003E820D /* Sources */ = {
			isa = PBXSourcesBuildPhase;
			buildActionMask = 2147483647;
			files = (
				DCAD7B6F18577948003E820D /* __Home_ContactsTests.m in Sources */,
			);
			runOnlyForDeploymentPostprocessing = 0;
		};
/* End PBXSourcesBuildPhase section */

/* Begin PBXTargetDependency section */
		DCAD7B6718577948003E820D /* PBXTargetDependency */ = {
			isa = PBXTargetDependency;
			target = DCAD7B3C18577948003E820D /* 5-Home-Contacts */;
			targetProxy = DCAD7B6618577948003E820D /* PBXContainerItemProxy */;
		};
/* End PBXTargetDependency section */

/* Begin PBXVariantGroup section */
		DCAD7B4918577948003E820D /* InfoPlist.strings */ = {
			isa = PBXVariantGroup;
			children = (
				DCAD7B4A18577948003E820D /* en */,
			);
			name = InfoPlist.strings;
			sourceTree = "<group>";
		};
		DCAD7B5218577948003E820D /* Main.storyboard */ = {
			isa = PBXVariantGroup;
			children = (
				DCAD7B5318577948003E820D /* Base */,
			);
			name = Main.storyboard;
			sourceTree = "<group>";
		};
		DCAD7B6B18577948003E820D /* InfoPlist.strings */ = {
			isa = PBXVariantGroup;
			children = (
				DCAD7B6C18577948003E820D /* en */,
			);
			name = InfoPlist.strings;
			sourceTree = "<group>";
		};
/* End PBXVariantGroup section */

/* Begin XCBuildConfiguration section */
		DCAD7B7018577948003E820D /* Debug */ = {
			isa = XCBuildConfiguration;
			buildSettings = {
				ALWAYS_SEARCH_USER_PATHS = NO;
				ARCHS = "$(ARCHS_STANDARD_INCLUDING_64_BIT)";
				CLANG_CXX_LANGUAGE_STANDARD = "gnu++0x";
				CLANG_CXX_LIBRARY = "libc++";
				CLANG_ENABLE_MODULES = YES;
				CLANG_ENABLE_OBJC_ARC = YES;
				CLANG_WARN_BOOL_CONVERSION = YES;
				CLANG_WARN_CONSTANT_CONVERSION = YES;
				CLANG_WARN_DIRECT_OBJC_ISA_USAGE = YES_ERROR;
				CLANG_WARN_EMPTY_BODY = YES;
				CLANG_WARN_ENUM_CONVERSION = YES;
				CLANG_WARN_INT_CONVERSION = YES;
				CLANG_WARN_OBJC_ROOT_CLASS = YES_ERROR;
				CLANG_WARN__DUPLICATE_METHOD_MATCH = YES;
				"CODE_SIGN_IDENTITY[sdk=iphoneos*]" = "iPhone Developer";
				COPY_PHASE_STRIP = NO;
				GCC_C_LANGUAGE_STANDARD = gnu99;
				GCC_DYNAMIC_NO_PIC = NO;
				GCC_OPTIMIZATION_LEVEL = 0;
				GCC_PREPROCESSOR_DEFINITIONS = (
					"DEBUG=1",
					"$(inherited)",
				);
				GCC_SYMBOLS_PRIVATE_EXTERN = NO;
				GCC_WARN_64_TO_32_BIT_CONVERSION = YES;
				GCC_WARN_ABOUT_RETURN_TYPE = YES_ERROR;
				GCC_WARN_UNDECLARED_SELECTOR = YES;
				GCC_WARN_UNINITIALIZED_AUTOS = YES;
				GCC_WARN_UNUSED_FUNCTION = YES;
				GCC_WARN_UNUSED_VARIABLE = YES;
				IPHONEOS_DEPLOYMENT_TARGET = 7.0;
				ONLY_ACTIVE_ARCH = YES;
				SDKROOT = iphoneos;
			};
			name = Debug;
		};
		DCAD7B7118577948003E820D /* Release */ = {
			isa = XCBuildConfiguration;
			buildSettings = {
				ALWAYS_SEARCH_USER_PATHS = NO;
				ARCHS = "$(ARCHS_STANDARD_INCLUDING_64_BIT)";
				CLANG_CXX_LANGUAGE_STANDARD = "gnu++0x";
				CLANG_CXX_LIBRARY = "libc++";
				CLANG_ENABLE_MODULES = YES;
				CLANG_ENABLE_OBJC_ARC = YES;
				CLANG_WARN_BOOL_CONVERSION = YES;
				CLANG_WARN_CONSTANT_CONVERSION = YES;
				CLANG_WARN_DIRECT_OBJC_ISA_USAGE = YES_ERROR;
				CLANG_WARN_EMPTY_BODY = YES;
				CLANG_WARN_ENUM_CONVERSION = YES;
				CLANG_WARN_INT_CONVERSION = YES;
				CLANG_WARN_OBJC_ROOT_CLASS = YES_ERROR;
				CLANG_WARN__DUPLICATE_METHOD_MATCH = YES;
				"CODE_SIGN_IDENTITY[sdk=iphoneos*]" = "iPhone Developer";
				COPY_PHASE_STRIP = YES;
				ENABLE_NS_ASSERTIONS = NO;
				GCC_C_LANGUAGE_STANDARD = gnu99;
				GCC_WARN_64_TO_32_BIT_CONVERSION = YES;
				GCC_WARN_ABOUT_RETURN_TYPE = YES_ERROR;
				GCC_WARN_UNDECLARED_SELECTOR = YES;
				GCC_WARN_UNINITIALIZED_AUTOS = YES;
				GCC_WARN_UNUSED_FUNCTION = YES;
				GCC_WARN_UNUSED_VARIABLE = YES;
				IPHONEOS_DEPLOYMENT_TARGET = 7.0;
				SDKROOT = iphoneos;
				VALIDATE_PRODUCT = YES;
			};
			name = Release;
		};
		DCAD7B7318577948003E820D /* Debug */ = {
			isa = XCBuildConfiguration;
			buildSettings = {
				ASSETCATALOG_COMPILER_APPICON_NAME = AppIcon;
				ASSETCATALOG_COMPILER_LAUNCHIMAGE_NAME = LaunchImage;
				GCC_PRECOMPILE_PREFIX_HEADER = YES;
				GCC_PREFIX_HEADER = "5-Home-Contacts/5-Home-Contacts-Prefix.pch";
				INFOPLIST_FILE = "5-Home-Contacts/5-Home-Contacts-Info.plist";
				PRODUCT_NAME = "$(TARGET_NAME)";
				WRAPPER_EXTENSION = app;
			};
			name = Debug;
		};
		DCAD7B7418577948003E820D /* Release */ = {
			isa = XCBuildConfiguration;
			buildSettings = {
				ASSETCATALOG_COMPILER_APPICON_NAME = AppIcon;
				ASSETCATALOG_COMPILER_LAUNCHIMAGE_NAME = LaunchImage;
				GCC_PRECOMPILE_PREFIX_HEADER = YES;
				GCC_PREFIX_HEADER = "5-Home-Contacts/5-Home-Contacts-Prefix.pch";
				INFOPLIST_FILE = "5-Home-Contacts/5-Home-Contacts-Info.plist";
				PRODUCT_NAME = "$(TARGET_NAME)";
				WRAPPER_EXTENSION = app;
			};
			name = Release;
		};
		DCAD7B7618577948003E820D /* Debug */ = {
			isa = XCBuildConfiguration;
			buildSettings = {
				ARCHS = "$(ARCHS_STANDARD_INCLUDING_64_BIT)";
				BUNDLE_LOADER = "$(BUILT_PRODUCTS_DIR)/5-Home-Contacts.app/5-Home-Contacts";
				FRAMEWORK_SEARCH_PATHS = (
					"$(SDKROOT)/Developer/Library/Frameworks",
					"$(inherited)",
					"$(DEVELOPER_FRAMEWORKS_DIR)",
				);
				GCC_PRECOMPILE_PREFIX_HEADER = YES;
				GCC_PREFIX_HEADER = "5-Home-Contacts/5-Home-Contacts-Prefix.pch";
				GCC_PREPROCESSOR_DEFINITIONS = (
					"DEBUG=1",
					"$(inherited)",
				);
				INFOPLIST_FILE = "5-Home-ContactsTests/5-Home-ContactsTests-Info.plist";
				PRODUCT_NAME = "$(TARGET_NAME)";
				TEST_HOST = "$(BUNDLE_LOADER)";
				WRAPPER_EXTENSION = xctest;
			};
			name = Debug;
		};
		DCAD7B7718577948003E820D /* Release */ = {
			isa = XCBuildConfiguration;
			buildSettings = {
				ARCHS = "$(ARCHS_STANDARD_INCLUDING_64_BIT)";
				BUNDLE_LOADER = "$(BUILT_PRODUCTS_DIR)/5-Home-Contacts.app/5-Home-Contacts";
				FRAMEWORK_SEARCH_PATHS = (
					"$(SDKROOT)/Developer/Library/Frameworks",
					"$(inherited)",
					"$(DEVELOPER_FRAMEWORKS_DIR)",
				);
				GCC_PRECOMPILE_PREFIX_HEADER = YES;
				GCC_PREFIX_HEADER = "5-Home-Contacts/5-Home-Contacts-Prefix.pch";
				INFOPLIST_FILE = "5-Home-ContactsTests/5-Home-ContactsTests-Info.plist";
				PRODUCT_NAME = "$(TARGET_NAME)";
				TEST_HOST = "$(BUNDLE_LOADER)";
				WRAPPER_EXTENSION = xctest;
			};
			name = Release;
		};
/* End XCBuildConfiguration section */

/* Begin XCConfigurationList section */
		DCAD7B3818577948003E820D /* Build configuration list for PBXProject "5-Home-Contacts" */ = {
			isa = XCConfigurationList;
			buildConfigurations = (
				DCAD7B7018577948003E820D /* Debug */,
				DCAD7B7118577948003E820D /* Release */,
			);
			defaultConfigurationIsVisible = 0;
			defaultConfigurationName = Release;
		};
		DCAD7B7218577948003E820D /* Build configuration list for PBXNativeTarget "5-Home-Contacts" */ = {
			isa = XCConfigurationList;
			buildConfigurations = (
				DCAD7B7318577948003E820D /* Debug */,
				DCAD7B7418577948003E820D /* Release */,
			);
			defaultConfigurationIsVisible = 0;
		};
		DCAD7B7518577948003E820D /* Build configuration list for PBXNativeTarget "5-Home-ContactsTests" */ = {
			isa = XCConfigurationList;
			buildConfigurations = (
				DCAD7B7618577948003E820D /* Debug */,
				DCAD7B7718577948003E820D /* Release */,
			);
			defaultConfigurationIsVisible = 0;
		};
/* End XCConfigurationList section */
	};
	rootObject = DCAD7B3518577948003E820D /* Project object */;
}
